
Microsoft Visual Studio Solution File, Format Version 12.00
# Visual Studio Version 17
VisualStudioVersion = 17.13.36105.23 d17.13
MinimumVisualStudioVersion = 10.0.40219.1
Project("{888888A0-9F3D-457C-B088-3A5042F75D52}") = "FastAPIpoetry", "FastAPIpoetry.pyproj", "{CD335FF6-0B67-433A-8477-038BB0826354}"
EndProject
Global
	GlobalSection(SolutionConfigurationPlatforms) = preSolution
		Debug|Any CPU = Debug|Any CPU
		Release|Any CPU = Release|Any CPU
	EndGlobalSection
	GlobalSection(ProjectConfigurationPlatforms) = postSolution
		{CD335FF6-0B67-433A-8477-038BB0826354}.Debug|Any CPU.ActiveCfg = Debug|Any CPU
		{CD335FF6-0B67-433A-8477-038BB0826354}.Release|Any CPU.ActiveCfg = Release|Any CPU
	EndGlobalSection
	GlobalSection(SolutionProperties) = preSolution
		HideSolutionNode = FALSE
	EndGlobalSection
	GlobalSection(ExtensibilityGlobals) = postSolution
		SolutionGuid = {7E9DFB08-C864-4D15-9C23-EDA0847E388C}
	EndGlobalSection
EndGlobal
